
Microsoft Visual Studio Solution File, Format Version 12.00
# Visual Studio Version 17
VisualStudioVersion = 17.7.34221.43
MinimumVisualStudioVersion = 10.0.40219.1
Project("{8BC9CEB8-8B4A-11D0-8D11-00A0C91BC942}") = "Mython", "Mython.vcxproj", "{D3904619-7208-442D-90A0-A8644B22D456}"
EndProject
Global
	GlobalSection(SolutionConfigurationPlatforms) = preSolution
		Debug|x64 = Debug|x64
		Debug|x86 = Debug|x86
		Release|x64 = Release|x64
		Release|x86 = Release|x86
	EndGlobalSection
	GlobalSection(ProjectConfigurationPlatforms) = postSolution
		{D3904619-7208-442D-90A0-A8644B22D456}.Debug|x64.ActiveCfg = Debug|x64
		{D3904619-7208-442D-90A0-A8644B22D456}.Debug|x64.Build.0 = Debug|x64
		{D3904619-7208-442D-90A0-A8644B22D456}.Debug|x86.ActiveCfg = Debug|Win32
		{D3904619-7208-442D-90A0-A8644B22D456}.Debug|x86.Build.0 = Debug|Win32
		{D3904619-7208-442D-90A0-A8644B22D456}.Release|x64.ActiveCfg = Release|x64
		{D3904619-7208-442D-90A0-A8644B22D456}.Release|x64.Build.0 = Release|x64
		{D3904619-7208-442D-90A0-A8644B22D456}.Release|x86.ActiveCfg = Release|Win32
		{D3904619-7208-442D-90A0-A8644B22D456}.Release|x86.Build.0 = Release|Win32
	EndGlobalSection
	GlobalSection(SolutionProperties) = preSolution
		HideSolutionNode = FALSE
	EndGlobalSection
	GlobalSection(ExtensibilityGlobals) = postSolution
		SolutionGuid = {5093E514-281E-48C4-A47D-292AC7AA9CC4}
	EndGlobalSection
EndGlobal
